
Microsoft Visual Studio Solution File, Format Version 12.00
# Visual Studio 14
VisualStudioVersion = 14.0.25420.1
MinimumVisualStudioVersion = 10.0.40219.1
Project("{FAE04EC0-301F-11D3-BF4B-00C04F79EFBC}") = "UseresAndAwards.PL.ConsoleApp", "UseresAndAwards.PL.ConsoleApp\UseresAndAwards.PL.ConsoleApp.csproj", "{0AB7CDAE-9E9D-444F-9797-3E640C15F8C7}"
EndProject
Project("{2150E333-8FDC-42A3-9474-1A3956D46DE8}") = "PL", "PL", "{4517C345-67AA-40C4-A102-BF6C8CA7407B}"
EndProject
Project("{2150E333-8FDC-42A3-9474-1A3956D46DE8}") = "BLL", "BLL", "{566F9D8D-C769-4153-AF25-F7025F3AB133}"
EndProject
Project("{2150E333-8FDC-42A3-9474-1A3956D46DE8}") = "DAL", "DAL", "{585B8B5F-FE4E-41CE-A93D-8234B7E3CB30}"
EndProject
Project("{2150E333-8FDC-42A3-9474-1A3956D46DE8}") = "Common", "Common", "{16F0C644-7A07-4287-B6DA-6880C5DF49BB}"
EndProject
Project("{FAE04EC0-301F-11D3-BF4B-00C04F79EFBC}") = "UseresAndAwards.Entities", "UseresAndAwards.Entities\UseresAndAwards.Entities.csproj", "{92B3F71C-2D20-4147-8C70-EB42014E923C}"
EndProject
Project("{FAE04EC0-301F-11D3-BF4B-00C04F79EFBC}") = "UseresAndAwards.BLL.Contracts", "UseresAndAwards.BLL.Contracts\UseresAndAwards.BLL.Contracts.csproj", "{189313D1-F4A5-4577-BC31-4AC24DB60B1B}"
EndProject
Project("{FAE04EC0-301F-11D3-BF4B-00C04F79EFBC}") = "UseresAndAwards.BLL.Core", "UseresAndAwards.BLL.Core\UseresAndAwards.BLL.Core.csproj", "{593FF768-3516-4E23-98BB-57323E82ABDD}"
EndProject
Project("{FAE04EC0-301F-11D3-BF4B-00C04F79EFBC}") = "UseresAndAwards.DAL.Contracts", "UseresAndAwards.DAL.Contracts\UseresAndAwards.DAL.Contracts.csproj", "{D0A004D1-308C-47ED-9CEA-A3AA1E9357C3}"
EndProject
Project("{FAE04EC0-301F-11D3-BF4B-00C04F79EFBC}") = "UseresAndAwards.DAL.FileSystem", "UseresAndAwards.DAL.FileSystem\UseresAndAwards.DAL.FileSystem.csproj", "{55057F1C-53CE-48F3-B682-C74938086A28}"
EndProject
Project("{FAE04EC0-301F-11D3-BF4B-00C04F79EFBC}") = "UseresAndAwards.DAL.Memory", "UseresAndAwards.DAL.Memory\UseresAndAwards.DAL.Memory.csproj", "{41AE21C6-3381-4EF5-9AB2-ED52D55A900C}"
EndProject
Project("{FAE04EC0-301F-11D3-BF4B-00C04F79EFBC}") = "UseresAndAwards.DAL.Log", "UseresAndAwards.DAL.Log\UseresAndAwards.DAL.Log.csproj", "{B03936F1-411C-46A0-AFE7-DCFA14E1A430}"
EndProject
Project("{FAE04EC0-301F-11D3-BF4B-00C04F79EFBC}") = "UseresAndAwards.DAL", "UseresAndAwards.DAL\UseresAndAwards.DAL.csproj", "{DD01CA4E-F62E-47A0-BF28-A552E92F16A8}"
EndProject
Global
	GlobalSection(SolutionConfigurationPlatforms) = preSolution
		Debug|Any CPU = Debug|Any CPU
		Release|Any CPU = Release|Any CPU
	EndGlobalSection
	GlobalSection(ProjectConfigurationPlatforms) = postSolution
		{0AB7CDAE-9E9D-444F-9797-3E640C15F8C7}.Debug|Any CPU.ActiveCfg = Debug|Any CPU
		{0AB7CDAE-9E9D-444F-9797-3E640C15F8C7}.Debug|Any CPU.Build.0 = Debug|Any CPU
		{0AB7CDAE-9E9D-444F-9797-3E640C15F8C7}.Release|Any CPU.ActiveCfg = Release|Any CPU
		{0AB7CDAE-9E9D-444F-9797-3E640C15F8C7}.Release|Any CPU.Build.0 = Release|Any CPU
		{92B3F71C-2D20-4147-8C70-EB42014E923C}.Debug|Any CPU.ActiveCfg = Debug|Any CPU
		{92B3F71C-2D20-4147-8C70-EB42014E923C}.Debug|Any CPU.Build.0 = Debug|Any CPU
		{92B3F71C-2D20-4147-8C70-EB42014E923C}.Release|Any CPU.ActiveCfg = Release|Any CPU
		{92B3F71C-2D20-4147-8C70-EB42014E923C}.Release|Any CPU.Build.0 = Release|Any CPU
		{189313D1-F4A5-4577-BC31-4AC24DB60B1B}.Debug|Any CPU.ActiveCfg = Debug|Any CPU
		{189313D1-F4A5-4577-BC31-4AC24DB60B1B}.Debug|Any CPU.Build.0 = Debug|Any CPU
		{189313D1-F4A5-4577-BC31-4AC24DB60B1B}.Release|Any CPU.ActiveCfg = Release|Any CPU
		{189313D1-F4A5-4577-BC31-4AC24DB60B1B}.Release|Any CPU.Build.0 = Release|Any CPU
		{593FF768-3516-4E23-98BB-57323E82ABDD}.Debug|Any CPU.ActiveCfg = Debug|Any CPU
		{593FF768-3516-4E23-98BB-57323E82ABDD}.Debug|Any CPU.Build.0 = Debug|Any CPU
		{593FF768-3516-4E23-98BB-57323E82ABDD}.Release|Any CPU.ActiveCfg = Release|Any CPU
		{593FF768-3516-4E23-98BB-57323E82ABDD}.Release|Any CPU.Build.0 = Release|Any CPU
		{D0A004D1-308C-47ED-9CEA-A3AA1E9357C3}.Debug|Any CPU.ActiveCfg = Debug|Any CPU
		{D0A004D1-308C-47ED-9CEA-A3AA1E9357C3}.Debug|Any CPU.Build.0 = Debug|Any CPU
		{D0A004D1-308C-47ED-9CEA-A3AA1E9357C3}.Release|Any CPU.ActiveCfg = Release|Any CPU
		{D0A004D1-308C-47ED-9CEA-A3AA1E9357C3}.Release|Any CPU.Build.0 = Release|Any CPU
		{55057F1C-53CE-48F3-B682-C74938086A28}.Debug|Any CPU.ActiveCfg = Debug|Any CPU
		{55057F1C-53CE-48F3-B682-C74938086A28}.Debug|Any CPU.Build.0 = Debug|Any CPU
		{55057F1C-53CE-48F3-B682-C74938086A28}.Release|Any CPU.ActiveCfg = Release|Any CPU
		{55057F1C-53CE-48F3-B682-C74938086A28}.Release|Any CPU.Build.0 = Release|Any CPU
		{41AE21C6-3381-4EF5-9AB2-ED52D55A900C}.Debug|Any CPU.ActiveCfg = Debug|Any CPU
		{41AE21C6-3381-4EF5-9AB2-ED52D55A900C}.Debug|Any CPU.Build.0 = Debug|Any CPU
		{41AE21C6-3381-4EF5-9AB2-ED52D55A900C}.Release|Any CPU.ActiveCfg = Release|Any CPU
		{41AE21C6-3381-4EF5-9AB2-ED52D55A900C}.Release|Any CPU.Build.0 = Release|Any CPU
		{B03936F1-411C-46A0-AFE7-DCFA14E1A430}.Debug|Any CPU.ActiveCfg = Debug|Any CPU
		{B03936F1-411C-46A0-AFE7-DCFA14E1A430}.Debug|Any CPU.Build.0 = Debug|Any CPU
		{B03936F1-411C-46A0-AFE7-DCFA14E1A430}.Release|Any CPU.ActiveCfg = Release|Any CPU
		{B03936F1-411C-46A0-AFE7-DCFA14E1A430}.Release|Any CPU.Build.0 = Release|Any CPU
		{DD01CA4E-F62E-47A0-BF28-A552E92F16A8}.Debug|Any CPU.ActiveCfg = Debug|Any CPU
		{DD01CA4E-F62E-47A0-BF28-A552E92F16A8}.Debug|Any CPU.Build.0 = Debug|Any CPU
		{DD01CA4E-F62E-47A0-BF28-A552E92F16A8}.Release|Any CPU.ActiveCfg = Release|Any CPU
		{DD01CA4E-F62E-47A0-BF28-A552E92F16A8}.Release|Any CPU.Build.0 = Release|Any CPU
	EndGlobalSection
	GlobalSection(SolutionProperties) = preSolution
		HideSolutionNode = FALSE
	EndGlobalSection
	GlobalSection(NestedProjects) = preSolution
		{0AB7CDAE-9E9D-444F-9797-3E640C15F8C7} = {4517C345-67AA-40C4-A102-BF6C8CA7407B}
		{92B3F71C-2D20-4147-8C70-EB42014E923C} = {16F0C644-7A07-4287-B6DA-6880C5DF49BB}
		{189313D1-F4A5-4577-BC31-4AC24DB60B1B} = {566F9D8D-C769-4153-AF25-F7025F3AB133}
		{593FF768-3516-4E23-98BB-57323E82ABDD} = {566F9D8D-C769-4153-AF25-F7025F3AB133}
		{D0A004D1-308C-47ED-9CEA-A3AA1E9357C3} = {585B8B5F-FE4E-41CE-A93D-8234B7E3CB30}
		{55057F1C-53CE-48F3-B682-C74938086A28} = {585B8B5F-FE4E-41CE-A93D-8234B7E3CB30}
		{41AE21C6-3381-4EF5-9AB2-ED52D55A900C} = {585B8B5F-FE4E-41CE-A93D-8234B7E3CB30}
		{B03936F1-411C-46A0-AFE7-DCFA14E1A430} = {585B8B5F-FE4E-41CE-A93D-8234B7E3CB30}
		{DD01CA4E-F62E-47A0-BF28-A552E92F16A8} = {585B8B5F-FE4E-41CE-A93D-8234B7E3CB30}
	EndGlobalSection
EndGlobal
